
Microsoft Visual Studio Solution File, Format Version 12.00
# Visual Studio Version 17
VisualStudioVersion = 17.11.35312.102
MinimumVisualStudioVersion = 10.0.40219.1
Project("{FAE04EC0-301F-11D3-BF4B-00C04F79EFBC}") = "E-Commerce MVC", "E-Commerce MVC\E-Commerce MVC.csproj", "{B927161B-9FE5-4871-8EAE-9F71E93490B3}"
EndProject
Global
	GlobalSection(SolutionConfigurationPlatforms) = preSolution
		Debug|Any CPU = Debug|Any CPU
		Release|Any CPU = Release|Any CPU
	EndGlobalSection
	GlobalSection(ProjectConfigurationPlatforms) = postSolution
		{B927161B-9FE5-4871-8EAE-9F71E93490B3}.Debug|Any CPU.ActiveCfg = Debug|Any CPU
		{B927161B-9FE5-4871-8EAE-9F71E93490B3}.Debug|Any CPU.Build.0 = Debug|Any CPU
		{B927161B-9FE5-4871-8EAE-9F71E93490B3}.Release|Any CPU.ActiveCfg = Release|Any CPU
		{B927161B-9FE5-4871-8EAE-9F71E93490B3}.Release|Any CPU.Build.0 = Release|Any CPU
	EndGlobalSection
	GlobalSection(SolutionProperties) = preSolution
		HideSolutionNode = FALSE
	EndGlobalSection
	GlobalSection(ExtensibilityGlobals) = postSolution
		SolutionGuid = {1189FD93-BA2B-4753-B9C3-1AC29E6D2432}
	EndGlobalSection
EndGlobal
